
Microsoft Visual Studio Solution File, Format Version 12.00
# Visual Studio Version 16
VisualStudioVersion = 16.0.31025.194
MinimumVisualStudioVersion = 10.0.40219.1
Project("{FAE04EC0-301F-11D3-BF4B-00C04F79EFBC}") = "SourceGeneratorPOC", "SourceGeneratorPOC\SourceGeneratorPOC.csproj", "{48865396-DF55-48EE-8A86-C131390787EF}"
EndProject
Project("{FAE04EC0-301F-11D3-BF4B-00C04F79EFBC}") = "SourceGeneratorPOC.Generators", "SourceGeneratorPOC.Generators\SourceGeneratorPOC.Generators.csproj", "{271AC97C-0CDE-463E-B948-9A242EED063E}"
EndProject
Global
	GlobalSection(SolutionConfigurationPlatforms) = preSolution
		Debug|Any CPU = Debug|Any CPU
		Release|Any CPU = Release|Any CPU
	EndGlobalSection
	GlobalSection(ProjectConfigurationPlatforms) = postSolution
		{48865396-DF55-48EE-8A86-C131390787EF}.Debug|Any CPU.ActiveCfg = Debug|Any CPU
		{48865396-DF55-48EE-8A86-C131390787EF}.Debug|Any CPU.Build.0 = Debug|Any CPU
		{48865396-DF55-48EE-8A86-C131390787EF}.Release|Any CPU.ActiveCfg = Release|Any CPU
		{48865396-DF55-48EE-8A86-C131390787EF}.Release|Any CPU.Build.0 = Release|Any CPU
		{271AC97C-0CDE-463E-B948-9A242EED063E}.Debug|Any CPU.ActiveCfg = Debug|Any CPU
		{271AC97C-0CDE-463E-B948-9A242EED063E}.Debug|Any CPU.Build.0 = Debug|Any CPU
		{271AC97C-0CDE-463E-B948-9A242EED063E}.Release|Any CPU.ActiveCfg = Release|Any CPU
		{271AC97C-0CDE-463E-B948-9A242EED063E}.Release|Any CPU.Build.0 = Release|Any CPU
	EndGlobalSection
	GlobalSection(SolutionProperties) = preSolution
		HideSolutionNode = FALSE
	EndGlobalSection
	GlobalSection(ExtensibilityGlobals) = postSolution
		SolutionGuid = {0D936FAD-B2A5-4523-9A5D-5D965867EC6E}
	EndGlobalSection
EndGlobal
